
Microsoft Visual Studio Solution File, Format Version 12.00
# Visual Studio Version 16
VisualStudioVersion = 16.0.33529.622
MinimumVisualStudioVersion = 10.0.40219.1
Project("{FAE04EC0-301F-11D3-BF4B-00C04F79EFBC}") = "EmployeeServices", "EmployeeServices\EmployeeServices.csproj", "{E39C404C-C18E-42F3-8F1F-03F0FBD2AF25}"
EndProject
Project("{FAE04EC0-301F-11D3-BF4B-00C04F79EFBC}") = "EmployeeDataAccess", "EmployeeDataAccess\EmployeeDataAccess.csproj", "{7EEB0F5C-0A3C-494C-A3B7-187E37ECB739}"
EndProject
Global
	GlobalSection(SolutionConfigurationPlatforms) = preSolution
		Debug|Any CPU = Debug|Any CPU
		Release|Any CPU = Release|Any CPU
	EndGlobalSection
	GlobalSection(ProjectConfigurationPlatforms) = postSolution
		{E39C404C-C18E-42F3-8F1F-03F0FBD2AF25}.Debug|Any CPU.ActiveCfg = Debug|Any CPU
		{E39C404C-C18E-42F3-8F1F-03F0FBD2AF25}.Debug|Any CPU.Build.0 = Debug|Any CPU
		{E39C404C-C18E-42F3-8F1F-03F0FBD2AF25}.Release|Any CPU.ActiveCfg = Release|Any CPU
		{E39C404C-C18E-42F3-8F1F-03F0FBD2AF25}.Release|Any CPU.Build.0 = Release|Any CPU
		{7EEB0F5C-0A3C-494C-A3B7-187E37ECB739}.Debug|Any CPU.ActiveCfg = Debug|Any CPU
		{7EEB0F5C-0A3C-494C-A3B7-187E37ECB739}.Debug|Any CPU.Build.0 = Debug|Any CPU
		{7EEB0F5C-0A3C-494C-A3B7-187E37ECB739}.Release|Any CPU.ActiveCfg = Release|Any CPU
		{7EEB0F5C-0A3C-494C-A3B7-187E37ECB739}.Release|Any CPU.Build.0 = Release|Any CPU
	EndGlobalSection
	GlobalSection(SolutionProperties) = preSolution
		HideSolutionNode = FALSE
	EndGlobalSection
	GlobalSection(ExtensibilityGlobals) = postSolution
		SolutionGuid = {593D5B7D-34C8-461B-A428-7A5A7C0EB30C}
	EndGlobalSection
EndGlobal
